
Microsoft Visual Studio Solution File, Format Version 12.00
# Visual Studio Version 17
VisualStudioVersion = 17.14.36401.2 d17.14
MinimumVisualStudioVersion = 10.0.40219.1
Project("{8BC9CEB8-8B4A-11D0-8D11-00A0C91BC942}") = "AstroTomoEditor", "AstroTomoEditor\AstroTomoEditor.vcxproj", "{6F60A262-191A-471C-8180-15EE5CFD4765}"
EndProject
Global
	GlobalSection(SolutionConfigurationPlatforms) = preSolution
		Debug|x64 = Debug|x64
		Release|x64 = Release|x64
	EndGlobalSection
	GlobalSection(ProjectConfigurationPlatforms) = postSolution
		{6F60A262-191A-471C-8180-15EE5CFD4765}.Debug|x64.ActiveCfg = Debug|x64
		{6F60A262-191A-471C-8180-15EE5CFD4765}.Debug|x64.Build.0 = Debug|x64
		{6F60A262-191A-471C-8180-15EE5CFD4765}.Release|x64.ActiveCfg = Release|x64
		{6F60A262-191A-471C-8180-15EE5CFD4765}.Release|x64.Build.0 = Release|x64
	EndGlobalSection
	GlobalSection(SolutionProperties) = preSolution
		HideSolutionNode = FALSE
	EndGlobalSection
	GlobalSection(ExtensibilityGlobals) = postSolution
		SolutionGuid = {0C7C042C-BEEE-4770-BF73-5159AE1F5931}
	EndGlobalSection
EndGlobal
